[{"sqrt":[[15,0,2,0,15,1,2,0,15,2,16,2,16,0,11,20,1,17,16,1,2,0,3,15,1,16,1,16,1,5,15,2,18,17,22,16,1,2,0,4],[{"Int":1}]],"log2":[[15,0,16,0,2,0,17],[{"String":"log"}]],"get_len":[[25],[]],"log":[[1],[]],"push":[[15,0,15,1,16,0,16,1,23],[]],"main":[[2,0,15,0,16,0,2,1,9,20,1,18,2,1,2,1,6,2,2,17,16,0,2,3,3,15,0,18,17,23],[{"Int":0},{"Int":10},{"String":"log2"},{"Int":1}]],"draw":[[15,0,2,0,15,1,16,1,16,0,2,1,17,9,20,1,66,2,2,15,2,2,3,15,3,16,3,2,0,16,0,2,4,17,2,1,17,9,20,1,27,16,2,16,3,16,1,16,0,2,4,17,2,4,17,3,15,2,16,3,2,0,3,15,3,18,17,40,16,2,2,5,17,16,1,2,0,3,15,1,18,17,74],[{"Int":1},{"String":"get_len"},{"String":""},{"Int":0},{"String":"get_at"},{"String":"log"}]],"get_at":[[15,0,15,1,16,0,16,1,22],[]],"get_dist":[[15,0,15,1,15,2,15,3,16,0,16,2,4,16,0,16,2,4,5,16,1,16,3,4,16,1,16,3,4,5,3,2,0,17],[{"String":"sqrt"}]]},[],"main","1dba24a2152f7a0f36dc498c9ab37ef7"]