[{"main":[[2,0,2,1,2,2,2,3,2,4,24,2,5,2,1,2,2,2,3,2,4,24,2,6,2,5,24,13,0,2,2,2,2,2,2,2,3,2,4,24,14,0,2,7,15,13,2,14,0,2,8,15],[{"Int":23},{"Int":10},{"Int":1},{"String":"int"},{"Int":3},{"Int":2},{"String":"array"},{"String":"push"},{"String":"draw"}]],"push":[[13,0,13,1,14,0,14,1,21],[]],"draw":[[13,0,2,0,13,1,14,1,14,0,2,1,15,9,18,1,66,2,2,13,2,2,0,13,3,14,3,2,0,14,0,2,3,15,2,1,15,9,18,1,27,14,2,14,3,14,1,14,0,2,3,15,2,3,15,3,13,2,14,3,2,4,3,13,3,16,17,40,14,2,2,5,15,14,1,2,4,3,13,1,16,17,74],[{"Int":0},{"String":"get_len"},{"String":""},{"String":"get_at"},{"Int":1},{"String":"log"}]],"log":[[1],[]],"get_at":[[13,0,13,1,14,0,14,1,20],[]],"get_len":[[23],[]]},[],"main","3c206d61b19157783fb7fabf4e6c697b"]