[{"get_len":[[25],[]],"sqrt":[[15,0,2,0,15,1,2,0,15,2,16,2,16,0,11,20,1,17,16,1,2,0,3,15,1,16,1,16,1,5,15,2,18,17,22,16,1,2,0,4],[{"Int":1}]],"get_dist":[[15,0,15,1,15,2,15,3,16,0,16,2,4,16,0,16,2,4,5,16,1,16,3,4,16,1,16,3,4,5,3,2,0,17],[{"String":"sqrt"}]],"push":[[15,0,15,1,16,0,16,1,23],[]],"log":[[1],[]],"draw_circ":[[2,0,15,0,2,1,2,2,26,2,3,2,0,26,15,1,16,0,2,4,9,20,1,100,2,2,15,2,2,1,2,2,26,15,3,16,2,2,4,9,20,1,62,2,5,2,5,16,2,16,0,2,6,17,15,4,16,4,2,7,17,16,4,2,8,9,20,1,9,2,0,16,3,2,9,17,15,3,16,4,2,8,8,20,1,9,2,2,16,3,2,9,17,15,3,16,2,2,0,3,15,2,18,17,67,16,3,16,1,2,9,17,15,1,16,0,2,0,3,15,0,18,17,105,16,1,2,7,17,16,1,2,10,17],[{"Int":1},{"String":"int"},{"Int":0},{"String":"array"},{"Int":10},{"Int":5},{"String":"get_dist"},{"String":"log"},{"Int":3},{"String":"push"},{"String":"draw"}]],"draw":[[15,0,2,0,15,1,16,1,16,0,2,1,17,9,20,1,66,2,2,15,2,2,3,15,3,16,3,2,0,16,0,2,4,17,2,1,17,9,20,1,27,16,2,16,3,16,1,16,0,2,4,17,2,4,17,3,15,2,16,3,2,0,3,15,3,18,17,40,16,2,2,5,17,16,1,2,0,3,15,1,18,17,74],[{"Int":1},{"String":"get_len"},{"String":""},{"Int":0},{"String":"get_at"},{"String":"log"}]],"main":[[2,0,17],[{"String":"draw_circ"}]],"get_at":[[15,0,15,1,16,0,16,1,22],[]]},[],"main","8f33243d953d70a1343a22c45ba97b55"]